
Microsoft Visual Studio Solution File, Format Version 11.00
# Visual Studio 2010
Project("{FAE04EC0-301F-11D3-BF4B-00C04F79EFBC}") = "ClienteCorreo", "ClienteCorreo\ClienteCorreo.csproj", "{D6FD5EF6-3DF0-43AA-83C8-115AFBE49D34}"
EndProject
Global
	GlobalSection(SolutionConfigurationPlatforms) = preSolution
		Debug|x86 = Debug|x86
		Release|x86 = Release|x86
	EndGlobalSection
	GlobalSection(ProjectConfigurationPlatforms) = postSolution
		{D6FD5EF6-3DF0-43AA-83C8-115AFBE49D34}.Debug|x86.ActiveCfg = Debug|x86
		{D6FD5EF6-3DF0-43AA-83C8-115AFBE49D34}.Debug|x86.Build.0 = Debug|x86
		{D6FD5EF6-3DF0-43AA-83C8-115AFBE49D34}.Release|x86.ActiveCfg = Release|x86
		{D6FD5EF6-3DF0-43AA-83C8-115AFBE49D34}.Release|x86.Build.0 = Release|x86
	EndGlobalSection
	GlobalSection(SolutionProperties) = preSolution
		HideSolutionNode = FALSE
	EndGlobalSection
EndGlobal
